
Microsoft Visual Studio Solution File, Format Version 12.00
# Visual Studio Version 16
VisualStudioVersion = 16.0.29021.104
MinimumVisualStudioVersion = 10.0.40219.1
Project("{8BC9CEB8-8B4A-11D0-8D11-00A0C91BC942}") = "矩阵逆置", "矩阵逆置\矩阵逆置.vcxproj", "{28ECAD9C-CD63-4175-8D2F-BC1AC17EFB7B}"
EndProject
Global
	GlobalSection(SolutionConfigurationPlatforms) = preSolution
		Debug|x64 = Debug|x64
		Debug|x86 = Debug|x86
		Release|x64 = Release|x64
		Release|x86 = Release|x86
	EndGlobalSection
	GlobalSection(ProjectConfigurationPlatforms) = postSolution
		{28ECAD9C-CD63-4175-8D2F-BC1AC17EFB7B}.Debug|x64.ActiveCfg = Debug|x64
		{28ECAD9C-CD63-4175-8D2F-BC1AC17EFB7B}.Debug|x64.Build.0 = Debug|x64
		{28ECAD9C-CD63-4175-8D2F-BC1AC17EFB7B}.Debug|x86.ActiveCfg = Debug|Win32
		{28ECAD9C-CD63-4175-8D2F-BC1AC17EFB7B}.Debug|x86.Build.0 = Debug|Win32
		{28ECAD9C-CD63-4175-8D2F-BC1AC17EFB7B}.Release|x64.ActiveCfg = Release|x64
		{28ECAD9C-CD63-4175-8D2F-BC1AC17EFB7B}.Release|x64.Build.0 = Release|x64
		{28ECAD9C-CD63-4175-8D2F-BC1AC17EFB7B}.Release|x86.ActiveCfg = Release|Win32
		{28ECAD9C-CD63-4175-8D2F-BC1AC17EFB7B}.Release|x86.Build.0 = Release|Win32
	EndGlobalSection
	GlobalSection(SolutionProperties) = preSolution
		HideSolutionNode = FALSE
	EndGlobalSection
	GlobalSection(ExtensibilityGlobals) = postSolution
		SolutionGuid = {ECF5E170-472C-410A-B315-7D72ECA1ABDB}
	EndGlobalSection
EndGlobal
