
Microsoft Visual Studio Solution File, Format Version 12.00
# Visual Studio Version 16
VisualStudioVersion = 16.0.29021.104
MinimumVisualStudioVersion = 10.0.40219.1
Project("{8BC9CEB8-8B4A-11D0-8D11-00A0C91BC942}") = "反转单链表", "反转单链表\反转单链表.vcxproj", "{A5B728CA-09D9-4D49-A2F1-C41B706EA061}"
EndProject
Global
	GlobalSection(SolutionConfigurationPlatforms) = preSolution
		Debug|x64 = Debug|x64
		Debug|x86 = Debug|x86
		Release|x64 = Release|x64
		Release|x86 = Release|x86
	EndGlobalSection
	GlobalSection(ProjectConfigurationPlatforms) = postSolution
		{A5B728CA-09D9-4D49-A2F1-C41B706EA061}.Debug|x64.ActiveCfg = Debug|x64
		{A5B728CA-09D9-4D49-A2F1-C41B706EA061}.Debug|x64.Build.0 = Debug|x64
		{A5B728CA-09D9-4D49-A2F1-C41B706EA061}.Debug|x86.ActiveCfg = Debug|Win32
		{A5B728CA-09D9-4D49-A2F1-C41B706EA061}.Debug|x86.Build.0 = Debug|Win32
		{A5B728CA-09D9-4D49-A2F1-C41B706EA061}.Release|x64.ActiveCfg = Release|x64
		{A5B728CA-09D9-4D49-A2F1-C41B706EA061}.Release|x64.Build.0 = Release|x64
		{A5B728CA-09D9-4D49-A2F1-C41B706EA061}.Release|x86.ActiveCfg = Release|Win32
		{A5B728CA-09D9-4D49-A2F1-C41B706EA061}.Release|x86.Build.0 = Release|Win32
	EndGlobalSection
	GlobalSection(SolutionProperties) = preSolution
		HideSolutionNode = FALSE
	EndGlobalSection
	GlobalSection(ExtensibilityGlobals) = postSolution
		SolutionGuid = {CF3A19F5-B97B-46C8-A7CF-A03D943F8209}
	EndGlobalSection
EndGlobal
