
Microsoft Visual Studio Solution File, Format Version 12.00
# Visual Studio Version 16
VisualStudioVersion = 16.0.29021.104
MinimumVisualStudioVersion = 10.0.40219.1
Project("{8BC9CEB8-8B4A-11D0-8D11-00A0C91BC942}") = "序列重组矩阵_nowcoder", "序列重组矩阵_nowcoder\序列重组矩阵_nowcoder.vcxproj", "{4B9D8FDF-2F9F-49F2-9758-9F0262140DBD}"
EndProject
Global
	GlobalSection(SolutionConfigurationPlatforms) = preSolution
		Debug|x64 = Debug|x64
		Debug|x86 = Debug|x86
		Release|x64 = Release|x64
		Release|x86 = Release|x86
	EndGlobalSection
	GlobalSection(ProjectConfigurationPlatforms) = postSolution
		{4B9D8FDF-2F9F-49F2-9758-9F0262140DBD}.Debug|x64.ActiveCfg = Debug|x64
		{4B9D8FDF-2F9F-49F2-9758-9F0262140DBD}.Debug|x64.Build.0 = Debug|x64
		{4B9D8FDF-2F9F-49F2-9758-9F0262140DBD}.Debug|x86.ActiveCfg = Debug|Win32
		{4B9D8FDF-2F9F-49F2-9758-9F0262140DBD}.Debug|x86.Build.0 = Debug|Win32
		{4B9D8FDF-2F9F-49F2-9758-9F0262140DBD}.Release|x64.ActiveCfg = Release|x64
		{4B9D8FDF-2F9F-49F2-9758-9F0262140DBD}.Release|x64.Build.0 = Release|x64
		{4B9D8FDF-2F9F-49F2-9758-9F0262140DBD}.Release|x86.ActiveCfg = Release|Win32
		{4B9D8FDF-2F9F-49F2-9758-9F0262140DBD}.Release|x86.Build.0 = Release|Win32
	EndGlobalSection
	GlobalSection(SolutionProperties) = preSolution
		HideSolutionNode = FALSE
	EndGlobalSection
	GlobalSection(ExtensibilityGlobals) = postSolution
		SolutionGuid = {C9D444E8-78D2-4A26-8244-274059A60159}
	EndGlobalSection
EndGlobal
