
Microsoft Visual Studio Solution File, Format Version 12.00
# Visual Studio Version 16
VisualStudioVersion = 16.0.29021.104
MinimumVisualStudioVersion = 10.0.40219.1
Project("{8BC9CEB8-8B4A-11D0-8D11-00A0C91BC942}") = "有多少小于当前数字的数字_1365", "有多少小于当前数字的数字_1365\有多少小于当前数字的数字_1365.vcxproj", "{B63C46FC-087B-4198-9892-13A9CF861B78}"
EndProject
Global
	GlobalSection(SolutionConfigurationPlatforms) = preSolution
		Debug|x64 = Debug|x64
		Debug|x86 = Debug|x86
		Release|x64 = Release|x64
		Release|x86 = Release|x86
	EndGlobalSection
	GlobalSection(ProjectConfigurationPlatforms) = postSolution
		{B63C46FC-087B-4198-9892-13A9CF861B78}.Debug|x64.ActiveCfg = Debug|x64
		{B63C46FC-087B-4198-9892-13A9CF861B78}.Debug|x64.Build.0 = Debug|x64
		{B63C46FC-087B-4198-9892-13A9CF861B78}.Debug|x86.ActiveCfg = Debug|Win32
		{B63C46FC-087B-4198-9892-13A9CF861B78}.Debug|x86.Build.0 = Debug|Win32
		{B63C46FC-087B-4198-9892-13A9CF861B78}.Release|x64.ActiveCfg = Release|x64
		{B63C46FC-087B-4198-9892-13A9CF861B78}.Release|x64.Build.0 = Release|x64
		{B63C46FC-087B-4198-9892-13A9CF861B78}.Release|x86.ActiveCfg = Release|Win32
		{B63C46FC-087B-4198-9892-13A9CF861B78}.Release|x86.Build.0 = Release|Win32
	EndGlobalSection
	GlobalSection(SolutionProperties) = preSolution
		HideSolutionNode = FALSE
	EndGlobalSection
	GlobalSection(ExtensibilityGlobals) = postSolution
		SolutionGuid = {CD2D7FB9-F1F7-4920-B515-A86193185C67}
	EndGlobalSection
EndGlobal
