
Microsoft Visual Studio Solution File, Format Version 12.00
# Visual Studio Version 16
VisualStudioVersion = 16.0.29021.104
MinimumVisualStudioVersion = 10.0.40219.1
Project("{8BC9CEB8-8B4A-11D0-8D11-00A0C91BC942}") = "链表的回文结构", "链表的回文结构\链表的回文结构.vcxproj", "{46D3BBEE-7528-41D9-8980-7548327B142C}"
EndProject
Global
	GlobalSection(SolutionConfigurationPlatforms) = preSolution
		Debug|x64 = Debug|x64
		Debug|x86 = Debug|x86
		Release|x64 = Release|x64
		Release|x86 = Release|x86
	EndGlobalSection
	GlobalSection(ProjectConfigurationPlatforms) = postSolution
		{46D3BBEE-7528-41D9-8980-7548327B142C}.Debug|x64.ActiveCfg = Debug|x64
		{46D3BBEE-7528-41D9-8980-7548327B142C}.Debug|x64.Build.0 = Debug|x64
		{46D3BBEE-7528-41D9-8980-7548327B142C}.Debug|x86.ActiveCfg = Debug|Win32
		{46D3BBEE-7528-41D9-8980-7548327B142C}.Debug|x86.Build.0 = Debug|Win32
		{46D3BBEE-7528-41D9-8980-7548327B142C}.Release|x64.ActiveCfg = Release|x64
		{46D3BBEE-7528-41D9-8980-7548327B142C}.Release|x64.Build.0 = Release|x64
		{46D3BBEE-7528-41D9-8980-7548327B142C}.Release|x86.ActiveCfg = Release|Win32
		{46D3BBEE-7528-41D9-8980-7548327B142C}.Release|x86.Build.0 = Release|Win32
	EndGlobalSection
	GlobalSection(SolutionProperties) = preSolution
		HideSolutionNode = FALSE
	EndGlobalSection
	GlobalSection(ExtensibilityGlobals) = postSolution
		SolutionGuid = {2FD69EF9-884B-4A6D-8FE6-76812EC7D4E5}
	EndGlobalSection
EndGlobal
